
Microsoft Visual Studio Solution File, Format Version 12.00
# Visual Studio Version 17
VisualStudioVersion = 17.5.002.0
MinimumVisualStudioVersion = 10.0.40219.1
Project("{9A19103F-16F7-4668-BE54-9A1E7A4F7556}") = "ExemplosFundamentos", "ExemplosFundamentos.csproj", "{A592CC8D-F4B6-4878-88F5-2A43290E343F}"
EndProject
Global
	GlobalSection(SolutionConfigurationPlatforms) = preSolution
		Debug|Any CPU = Debug|Any CPU
		Release|Any CPU = Release|Any CPU
	EndGlobalSection
	GlobalSection(ProjectConfigurationPlatforms) = postSolution
		{A592CC8D-F4B6-4878-88F5-2A43290E343F}.Debug|Any CPU.ActiveCfg = Debug|Any CPU
		{A592CC8D-F4B6-4878-88F5-2A43290E343F}.Debug|Any CPU.Build.0 = Debug|Any CPU
		{A592CC8D-F4B6-4878-88F5-2A43290E343F}.Release|Any CPU.ActiveCfg = Release|Any CPU
		{A592CC8D-F4B6-4878-88F5-2A43290E343F}.Release|Any CPU.Build.0 = Release|Any CPU
	EndGlobalSection
	GlobalSection(SolutionProperties) = preSolution
		HideSolutionNode = FALSE
	EndGlobalSection
	GlobalSection(ExtensibilityGlobals) = postSolution
		SolutionGuid = {D737B36B-A892-4BD9-81F5-C5ABA47DD74D}
	EndGlobalSection
EndGlobal
