
Microsoft Visual Studio Solution File, Format Version 12.00
# Visual Studio Version 17
VisualStudioVersion = 17.5.002.0
MinimumVisualStudioVersion = 10.0.40219.1
Project("{9A19103F-16F7-4668-BE54-9A1E7A4F7556}") = "Hospedagem de um Hotel", "Hospedagem de um Hotel.csproj", "{A63E9919-0252-4BFB-8738-EC5C66E85F25}"
EndProject
Global
	GlobalSection(SolutionConfigurationPlatforms) = preSolution
		Debug|Any CPU = Debug|Any CPU
		Release|Any CPU = Release|Any CPU
	EndGlobalSection
	GlobalSection(ProjectConfigurationPlatforms) = postSolution
		{A63E9919-0252-4BFB-8738-EC5C66E85F25}.Debug|Any CPU.ActiveCfg = Debug|Any CPU
		{A63E9919-0252-4BFB-8738-EC5C66E85F25}.Debug|Any CPU.Build.0 = Debug|Any CPU
		{A63E9919-0252-4BFB-8738-EC5C66E85F25}.Release|Any CPU.ActiveCfg = Release|Any CPU
		{A63E9919-0252-4BFB-8738-EC5C66E85F25}.Release|Any CPU.Build.0 = Release|Any CPU
	EndGlobalSection
	GlobalSection(SolutionProperties) = preSolution
		HideSolutionNode = FALSE
	EndGlobalSection
	GlobalSection(ExtensibilityGlobals) = postSolution
		SolutionGuid = {12DA96AC-385C-4695-9C67-87BBF135AF4A}
	EndGlobalSection
EndGlobal
