
Microsoft Visual Studio Solution File, Format Version 12.00
# Visual Studio Version 17
VisualStudioVersion = 17.0.31903.59
MinimumVisualStudioVersion = 10.0.40219.1
Project("{FAE04EC0-301F-11D3-BF4B-00C04F79EFBC}") = "minimal-api", "API\minimal-api.csproj", "{4F013429-A7F7-4C0F-9E6B-F90D3DA5B370}"
EndProject
Project("{FAE04EC0-301F-11D3-BF4B-00C04F79EFBC}") = "Teste", "Teste\Teste.csproj", "{CA8BF756-2E8D-4CC3-B48D-22EF27B660AB}"
EndProject
Global
	GlobalSection(SolutionConfigurationPlatforms) = preSolution
		Debug|Any CPU = Debug|Any CPU
		Release|Any CPU = Release|Any CPU
	EndGlobalSection
	GlobalSection(SolutionProperties) = preSolution
		HideSolutionNode = FALSE
	EndGlobalSection
	GlobalSection(ProjectConfigurationPlatforms) = postSolution
		{4F013429-A7F7-4C0F-9E6B-F90D3DA5B370}.Debug|Any CPU.ActiveCfg = Debug|Any CPU
		{4F013429-A7F7-4C0F-9E6B-F90D3DA5B370}.Debug|Any CPU.Build.0 = Debug|Any CPU
		{4F013429-A7F7-4C0F-9E6B-F90D3DA5B370}.Release|Any CPU.ActiveCfg = Release|Any CPU
		{4F013429-A7F7-4C0F-9E6B-F90D3DA5B370}.Release|Any CPU.Build.0 = Release|Any CPU
		{CA8BF756-2E8D-4CC3-B48D-22EF27B660AB}.Debug|Any CPU.ActiveCfg = Debug|Any CPU
		{CA8BF756-2E8D-4CC3-B48D-22EF27B660AB}.Debug|Any CPU.Build.0 = Debug|Any CPU
		{CA8BF756-2E8D-4CC3-B48D-22EF27B660AB}.Release|Any CPU.ActiveCfg = Release|Any CPU
		{CA8BF756-2E8D-4CC3-B48D-22EF27B660AB}.Release|Any CPU.Build.0 = Release|Any CPU
	EndGlobalSection
EndGlobal
